github.com/Shopify/v8go v0.5.3 h1:uKmz5aJnk+KNzM8TK5JVgHbfjCAzUdbxafmcZ0tbRd8=
github.com/Shopify/v8go v0.5.3/go.mod h1:x3Mg1hygECA5Y15fjonbnNxUUX5lcni/nltl0UHhoc8=
rogchap.com/v8go v0.6.0 h1:wNn5Iu06+ke7HM511zXTVBBpRNYaauyZoPMTrLsGurU=
rogchap.com/v8go v0.6.0/go.mod h1:IitZnaOtWSJadY/7qinKHIEHpxsilMWyLQ+Efdo4n4I=
